
Microsoft Visual Studio Solution File, Format Version 12.00
# Visual Studio Version 17
VisualStudioVersion = 17.12.35527.113 d17.12
MinimumVisualStudioVersion = 10.0.40219.1
Project("{FAE04EC0-301F-11D3-BF4B-00C04F79EFBC}") = "PeogrammingAssignment(2)", "PeogrammingAssignment(2)\PeogrammingAssignment(2).csproj", "{09C3D64D-EBA1-489E-95EC-0810112597BD}"
EndProject
Global
	GlobalSection(SolutionConfigurationPlatforms) = preSolution
		Debug|Any CPU = Debug|Any CPU
		Release|Any CPU = Release|Any CPU
	EndGlobalSection
	GlobalSection(ProjectConfigurationPlatforms) = postSolution
		{09C3D64D-EBA1-489E-95EC-0810112597BD}.Debug|Any CPU.ActiveCfg = Debug|Any CPU
		{09C3D64D-EBA1-489E-95EC-0810112597BD}.Debug|Any CPU.Build.0 = Debug|Any CPU
		{09C3D64D-EBA1-489E-95EC-0810112597BD}.Release|Any CPU.ActiveCfg = Release|Any CPU
		{09C3D64D-EBA1-489E-95EC-0810112597BD}.Release|Any CPU.Build.0 = Release|Any CPU
	EndGlobalSection
	GlobalSection(SolutionProperties) = preSolution
		HideSolutionNode = FALSE
	EndGlobalSection
EndGlobal
